
Microsoft Visual Studio Solution File, Format Version 12.00
Project("{2150E333-8FDC-42A3-9474-1A3956D46DE8}") = "Security", "Security", "{B41C17A3-E9C7-4217-A3C3-D63C1B464223}"
EndProject
Project("{2150E333-8FDC-42A3-9474-1A3956D46DE8}") = "Manager", "Manager", "{5FB1FF0A-537D-45F1-A4A0-3E1648203AC7}"
EndProject
Project("{2150E333-8FDC-42A3-9474-1A3956D46DE8}") = "Presentation", "Presentation", "{3BE84E8A-9A0B-4A70-BE3D-47ADE0983B2B}"
EndProject
Project("{FAE04EC0-301F-11D3-BF4B-00C04F79EFBC}") = "Pw_WebApi", "Pw_WebApi\Pw_WebApi.csproj", "{54489397-5F86-46D0-B57C-6F5A28AC50D0}"
EndProject
Project("{FAE04EC0-301F-11D3-BF4B-00C04F79EFBC}") = "Pw_Security", "Pw_Security\Pw_Security.csproj", "{64308AB6-30A3-4742-9443-3E13788049FA}"
EndProject
Project("{2150E333-8FDC-42A3-9474-1A3956D46DE8}") = "Backend", "Backend", "{755DA17F-0316-4138-B390-2D14D533A0BB}"
EndProject
Project("{FAE04EC0-301F-11D3-BF4B-00C04F79EFBC}") = "DataAcces", "DataAcces\DataAcces.csproj", "{AF481B4F-2173-42CE-AC40-7119C3A455D7}"
EndProject
Project("{FAE04EC0-301F-11D3-BF4B-00C04F79EFBC}") = "Core", "Core\Core.csproj", "{9F8EF549-3D97-4B13-BFC8-DD1281F09B68}"
EndProject
Project("{FAE04EC0-301F-11D3-BF4B-00C04F79EFBC}") = "Domain", "Domain\Domain.csproj", "{22BD91D4-B414-463B-9CE8-DE2E259FD31F}"
EndProject
Project("{2150E333-8FDC-42A3-9474-1A3956D46DE8}") = "Frontend", "Frontend", "{5F443240-AB2E-4D43-99E8-250DEFFFC811}"
EndProject
Project("{FAE04EC0-301F-11D3-BF4B-00C04F79EFBC}") = "PW_Frontend", "PW_Frontend\PW_Frontend.csproj", "{625A28C3-7085-4541-A1CA-919E1A68567D}"
EndProject
Project("{2150E333-8FDC-42A3-9474-1A3956D46DE8}") = "Solution Items", "Solution Items", "{E8340268-0E02-4295-8990-6F127A41FDBD}"
	ProjectSection(SolutionItems) = preProject
		docker-compose.yml = docker-compose.yml
	EndProjectSection
EndProject
Global
	GlobalSection(SolutionConfigurationPlatforms) = preSolution
		Debug|Any CPU = Debug|Any CPU
		Release|Any CPU = Release|Any CPU
	EndGlobalSection
	GlobalSection(NestedProjects) = preSolution
		{54489397-5F86-46D0-B57C-6F5A28AC50D0} = {3BE84E8A-9A0B-4A70-BE3D-47ADE0983B2B}
		{64308AB6-30A3-4742-9443-3E13788049FA} = {B41C17A3-E9C7-4217-A3C3-D63C1B464223}
		{B41C17A3-E9C7-4217-A3C3-D63C1B464223} = {755DA17F-0316-4138-B390-2D14D533A0BB}
		{5FB1FF0A-537D-45F1-A4A0-3E1648203AC7} = {755DA17F-0316-4138-B390-2D14D533A0BB}
		{3BE84E8A-9A0B-4A70-BE3D-47ADE0983B2B} = {755DA17F-0316-4138-B390-2D14D533A0BB}
		{AF481B4F-2173-42CE-AC40-7119C3A455D7} = {5FB1FF0A-537D-45F1-A4A0-3E1648203AC7}
		{9F8EF549-3D97-4B13-BFC8-DD1281F09B68} = {5FB1FF0A-537D-45F1-A4A0-3E1648203AC7}
		{22BD91D4-B414-463B-9CE8-DE2E259FD31F} = {5FB1FF0A-537D-45F1-A4A0-3E1648203AC7}
		{625A28C3-7085-4541-A1CA-919E1A68567D} = {5F443240-AB2E-4D43-99E8-250DEFFFC811}
	EndGlobalSection
	GlobalSection(ProjectConfigurationPlatforms) = postSolution
		{54489397-5F86-46D0-B57C-6F5A28AC50D0}.Debug|Any CPU.ActiveCfg = Debug|Any CPU
		{54489397-5F86-46D0-B57C-6F5A28AC50D0}.Debug|Any CPU.Build.0 = Debug|Any CPU
		{54489397-5F86-46D0-B57C-6F5A28AC50D0}.Release|Any CPU.ActiveCfg = Release|Any CPU
		{54489397-5F86-46D0-B57C-6F5A28AC50D0}.Release|Any CPU.Build.0 = Release|Any CPU
		{64308AB6-30A3-4742-9443-3E13788049FA}.Debug|Any CPU.ActiveCfg = Debug|Any CPU
		{64308AB6-30A3-4742-9443-3E13788049FA}.Debug|Any CPU.Build.0 = Debug|Any CPU
		{64308AB6-30A3-4742-9443-3E13788049FA}.Release|Any CPU.ActiveCfg = Release|Any CPU
		{64308AB6-30A3-4742-9443-3E13788049FA}.Release|Any CPU.Build.0 = Release|Any CPU
		{AF481B4F-2173-42CE-AC40-7119C3A455D7}.Debug|Any CPU.ActiveCfg = Debug|Any CPU
		{AF481B4F-2173-42CE-AC40-7119C3A455D7}.Debug|Any CPU.Build.0 = Debug|Any CPU
		{AF481B4F-2173-42CE-AC40-7119C3A455D7}.Release|Any CPU.ActiveCfg = Release|Any CPU
		{AF481B4F-2173-42CE-AC40-7119C3A455D7}.Release|Any CPU.Build.0 = Release|Any CPU
		{9F8EF549-3D97-4B13-BFC8-DD1281F09B68}.Debug|Any CPU.ActiveCfg = Debug|Any CPU
		{9F8EF549-3D97-4B13-BFC8-DD1281F09B68}.Debug|Any CPU.Build.0 = Debug|Any CPU
		{9F8EF549-3D97-4B13-BFC8-DD1281F09B68}.Release|Any CPU.ActiveCfg = Release|Any CPU
		{9F8EF549-3D97-4B13-BFC8-DD1281F09B68}.Release|Any CPU.Build.0 = Release|Any CPU
		{22BD91D4-B414-463B-9CE8-DE2E259FD31F}.Debug|Any CPU.ActiveCfg = Debug|Any CPU
		{22BD91D4-B414-463B-9CE8-DE2E259FD31F}.Debug|Any CPU.Build.0 = Debug|Any CPU
		{22BD91D4-B414-463B-9CE8-DE2E259FD31F}.Release|Any CPU.ActiveCfg = Release|Any CPU
		{22BD91D4-B414-463B-9CE8-DE2E259FD31F}.Release|Any CPU.Build.0 = Release|Any CPU
		{625A28C3-7085-4541-A1CA-919E1A68567D}.Debug|Any CPU.ActiveCfg = Debug|Any CPU
		{625A28C3-7085-4541-A1CA-919E1A68567D}.Debug|Any CPU.Build.0 = Debug|Any CPU
		{625A28C3-7085-4541-A1CA-919E1A68567D}.Release|Any CPU.ActiveCfg = Release|Any CPU
		{625A28C3-7085-4541-A1CA-919E1A68567D}.Release|Any CPU.Build.0 = Release|Any CPU
	EndGlobalSection
EndGlobal
